
Microsoft Visual Studio Solution File, Format Version 12.00
# Visual Studio Version 17
VisualStudioVersion = 17.6.33829.357
MinimumVisualStudioVersion = 10.0.40219.1
Project("{FAE04EC0-301F-11D3-BF4B-00C04F79EFBC}") = "Vegetables_fruits", "Vegetables_fruits.csproj", "{2F1C3987-5E2C-4A47-A51B-CEA961A551DE}"
EndProject
Global
	GlobalSection(SolutionConfigurationPlatforms) = preSolution
		Debug|Any CPU = Debug|Any CPU
		Release|Any CPU = Release|Any CPU
	EndGlobalSection
	GlobalSection(ProjectConfigurationPlatforms) = postSolution
		{2F1C3987-5E2C-4A47-A51B-CEA961A551DE}.Debug|Any CPU.ActiveCfg = Debug|Any CPU
		{2F1C3987-5E2C-4A47-A51B-CEA961A551DE}.Debug|Any CPU.Build.0 = Debug|Any CPU
		{2F1C3987-5E2C-4A47-A51B-CEA961A551DE}.Release|Any CPU.ActiveCfg = Release|Any CPU
		{2F1C3987-5E2C-4A47-A51B-CEA961A551DE}.Release|Any CPU.Build.0 = Release|Any CPU
	EndGlobalSection
	GlobalSection(SolutionProperties) = preSolution
		HideSolutionNode = FALSE
	EndGlobalSection
	GlobalSection(ExtensibilityGlobals) = postSolution
		SolutionGuid = {C1CC6D3B-2BD5-46DA-94DE-6B071D57A64E}
	EndGlobalSection
EndGlobal
